
Microsoft Visual Studio Solution File, Format Version 12.00
# Visual Studio Version 17
VisualStudioVersion = 17.12.35521.163
MinimumVisualStudioVersion = 10.0.40219.1
Project("{2150E333-8FDC-42A3-9474-1A3956D46DE8}") = "MicroServices", "MicroServices", "{74DFC57F-E507-4580-95AD-53DBED38EDA9}"
EndProject
Project("{2150E333-8FDC-42A3-9474-1A3956D46DE8}") = "CET", "CET", "{BB4656B9-1E01-41F3-9D13-E869749485D8}"
EndProject
Project("{FAE04EC0-301F-11D3-BF4B-00C04F79EFBC}") = "CET.API", "CET.API\CET.API.csproj", "{ED464614-72A9-4E3E-8AC5-5902A03DEED1}"
EndProject
Project("{FAE04EC0-301F-11D3-BF4B-00C04F79EFBC}") = "CET.Domain", "CET.Domain\CET.Domain.csproj", "{5F331AA6-2946-4B8B-8028-CC03FF152770}"
EndProject
Project("{FAE04EC0-301F-11D3-BF4B-00C04F79EFBC}") = "CET.Repository", "CET.Repository\CET.Repository.csproj", "{48D35160-D750-4ACD-8387-545BB7526A62}"
EndProject
Project("{FAE04EC0-301F-11D3-BF4B-00C04F79EFBC}") = "CET.Service", "CET.Service\CET.Service.csproj", "{87D144F0-0442-401D-9641-FBCA9359F53B}"
EndProject
Global
	GlobalSection(SolutionConfigurationPlatforms) = preSolution
		Debug|Any CPU = Debug|Any CPU
		Release|Any CPU = Release|Any CPU
	EndGlobalSection
	GlobalSection(ProjectConfigurationPlatforms) = postSolution
		{ED464614-72A9-4E3E-8AC5-5902A03DEED1}.Debug|Any CPU.ActiveCfg = Debug|Any CPU
		{ED464614-72A9-4E3E-8AC5-5902A03DEED1}.Debug|Any CPU.Build.0 = Debug|Any CPU
		{ED464614-72A9-4E3E-8AC5-5902A03DEED1}.Release|Any CPU.ActiveCfg = Release|Any CPU
		{ED464614-72A9-4E3E-8AC5-5902A03DEED1}.Release|Any CPU.Build.0 = Release|Any CPU
		{5F331AA6-2946-4B8B-8028-CC03FF152770}.Debug|Any CPU.ActiveCfg = Debug|Any CPU
		{5F331AA6-2946-4B8B-8028-CC03FF152770}.Debug|Any CPU.Build.0 = Debug|Any CPU
		{5F331AA6-2946-4B8B-8028-CC03FF152770}.Release|Any CPU.ActiveCfg = Release|Any CPU
		{5F331AA6-2946-4B8B-8028-CC03FF152770}.Release|Any CPU.Build.0 = Release|Any CPU
		{48D35160-D750-4ACD-8387-545BB7526A62}.Debug|Any CPU.ActiveCfg = Debug|Any CPU
		{48D35160-D750-4ACD-8387-545BB7526A62}.Debug|Any CPU.Build.0 = Debug|Any CPU
		{48D35160-D750-4ACD-8387-545BB7526A62}.Release|Any CPU.ActiveCfg = Release|Any CPU
		{48D35160-D750-4ACD-8387-545BB7526A62}.Release|Any CPU.Build.0 = Release|Any CPU
		{87D144F0-0442-401D-9641-FBCA9359F53B}.Debug|Any CPU.ActiveCfg = Debug|Any CPU
		{87D144F0-0442-401D-9641-FBCA9359F53B}.Debug|Any CPU.Build.0 = Debug|Any CPU
		{87D144F0-0442-401D-9641-FBCA9359F53B}.Release|Any CPU.ActiveCfg = Release|Any CPU
		{87D144F0-0442-401D-9641-FBCA9359F53B}.Release|Any CPU.Build.0 = Release|Any CPU
	EndGlobalSection
	GlobalSection(SolutionProperties) = preSolution
		HideSolutionNode = FALSE
	EndGlobalSection
	GlobalSection(NestedProjects) = preSolution
		{BB4656B9-1E01-41F3-9D13-E869749485D8} = {74DFC57F-E507-4580-95AD-53DBED38EDA9}
		{ED464614-72A9-4E3E-8AC5-5902A03DEED1} = {BB4656B9-1E01-41F3-9D13-E869749485D8}
		{5F331AA6-2946-4B8B-8028-CC03FF152770} = {BB4656B9-1E01-41F3-9D13-E869749485D8}
		{48D35160-D750-4ACD-8387-545BB7526A62} = {BB4656B9-1E01-41F3-9D13-E869749485D8}
		{87D144F0-0442-401D-9641-FBCA9359F53B} = {BB4656B9-1E01-41F3-9D13-E869749485D8}
	EndGlobalSection
EndGlobal
